
Microsoft Visual Studio Solution File, Format Version 12.00
# Visual Studio Version 17
VisualStudioVersion = 17.0.31903.59
MinimumVisualStudioVersion = 10.0.40219.1
Project("{FAE04EC0-301F-11D3-BF4B-00C04F79EFBC}") = "MyLibrary", "MyLibrary\MyLibrary.csproj", "{FE0BCBF0-0B3A-4510-92D2-1B777275C31D}"
EndProject
Project("{FAE04EC0-301F-11D3-BF4B-00C04F79EFBC}") = "MyLibrary.Tests", "MyLibrary.Tests\MyLibrary.Tests.csproj", "{C6C5F8BB-F63F-49BD-9406-2D3EF8E0A706}"
EndProject
Global
	GlobalSection(SolutionConfigurationPlatforms) = preSolution
		Debug|Any CPU = Debug|Any CPU
		Release|Any CPU = Release|Any CPU
	EndGlobalSection
	GlobalSection(SolutionProperties) = preSolution
		HideSolutionNode = FALSE
	EndGlobalSection
	GlobalSection(ProjectConfigurationPlatforms) = postSolution
		{FE0BCBF0-0B3A-4510-92D2-1B777275C31D}.Debug|Any CPU.ActiveCfg = Debug|Any CPU
		{FE0BCBF0-0B3A-4510-92D2-1B777275C31D}.Debug|Any CPU.Build.0 = Debug|Any CPU
		{FE0BCBF0-0B3A-4510-92D2-1B777275C31D}.Release|Any CPU.ActiveCfg = Release|Any CPU
		{FE0BCBF0-0B3A-4510-92D2-1B777275C31D}.Release|Any CPU.Build.0 = Release|Any CPU
		{C6C5F8BB-F63F-49BD-9406-2D3EF8E0A706}.Debug|Any CPU.ActiveCfg = Debug|Any CPU
		{C6C5F8BB-F63F-49BD-9406-2D3EF8E0A706}.Debug|Any CPU.Build.0 = Debug|Any CPU
		{C6C5F8BB-F63F-49BD-9406-2D3EF8E0A706}.Release|Any CPU.ActiveCfg = Release|Any CPU
		{C6C5F8BB-F63F-49BD-9406-2D3EF8E0A706}.Release|Any CPU.Build.0 = Release|Any CPU
	EndGlobalSection
EndGlobal
